
Microsoft Visual Studio Solution File, Format Version 12.00
# Visual Studio 15
VisualStudioVersion = 15.0.26124.0
MinimumVisualStudioVersion = 15.0.26124.0
Project("{2150E333-8FDC-42A3-9474-1A3956D46DE8}") = "Katalib", "Katalib", "{1408E7C5-B93E-452A-B559-639B6D4E669F}"
EndProject
Project("{FAE04EC0-301F-11D3-BF4B-00C04F79EFBC}") = "Katalib.Nc.Entity", "Katalib\Katalib.Nc.Entity\Katalib.Nc.Entity.csproj", "{E7B99E57-A6D2-4B18-A698-84324688389A}"
EndProject
Project("{FAE04EC0-301F-11D3-BF4B-00C04F79EFBC}") = "Katalib.Nc.Presentation", "Katalib\Katalib.Nc.Presentation\Katalib.Nc.Presentation.csproj", "{5EB90D93-0706-4D2C-B7D2-7A3B7426E2EA}"
EndProject
Project("{FAE04EC0-301F-11D3-BF4B-00C04F79EFBC}") = "Katalib.Nc.Standard", "Katalib\Katalib.Nc.Standard\Katalib.Nc.Standard.csproj", "{094659F8-65A0-4E7B-945F-08AA0B77289D}"
EndProject
Project("{2150E333-8FDC-42A3-9474-1A3956D46DE8}") = "PixstockBase", "PixstockBase", "{2DC6D4DC-9BD6-40FB-A7B6-5D4E7B786B76}"
EndProject
Project("{FAE04EC0-301F-11D3-BF4B-00C04F79EFBC}") = "Pixstock.Base.Infra", "PixstockBase\Pixstock.Base.Infra\Pixstock.Base.Infra.csproj", "{5F05A4C0-275D-4568-B333-E2793402EA59}"
EndProject
Project("{2150E333-8FDC-42A3-9474-1A3956D46DE8}") = "PixstockSrv", "PixstockSrv", "{016EF3D9-2936-4C62-BB9F-84195AE564EA}"
EndProject
Project("{FAE04EC0-301F-11D3-BF4B-00C04F79EFBC}") = "Pixstock.Nc.Srv.Common", "PixstockSrv\Pixstock.Nc.Srv.Common\Pixstock.Nc.Srv.Common.csproj", "{09F45CDB-76E8-4F3D-AB11-34F287B32887}"
EndProject
Project("{FAE04EC0-301F-11D3-BF4B-00C04F79EFBC}") = "Pixstock.Nc.Srv.Model", "PixstockSrv\Pixstock.Nc.Srv.Model\Pixstock.Nc.Srv.Model.csproj", "{AB517C52-6E97-4376-B065-728BB3D496DF}"
EndProject
Project("{FAE04EC0-301F-11D3-BF4B-00C04F79EFBC}") = "Pixstock.Nc.Srv", "PixstockSrv\Pixstock.Nc.Srv\Pixstock.Nc.Srv.csproj", "{A3A8F90B-CDB8-4535-BD3D-18D33A4C9B20}"
EndProject
Project("{2150E333-8FDC-42A3-9474-1A3956D46DE8}") = "PixstockApp", "PixstockApp", "{E8040D7F-8725-467A-A89A-878BDB3FD2FE}"
EndProject
Project("{FAE04EC0-301F-11D3-BF4B-00C04F79EFBC}") = "Pixstock.Nc.App", "PixstockApp\Pixstock.Nc.App\Pixstock.Nc.App.csproj", "{AFB1DBC6-8ECB-4634-9A78-F7F76A859BEB}"
EndProject
Project("{FAE04EC0-301F-11D3-BF4B-00C04F79EFBC}") = "Pixstock.Base.AppIf.Sdk", "PixstockBase\Pixstock.Base.AppIf.Sdk\Pixstock.Base.AppIf.Sdk.csproj", "{7DFAA0CC-EB52-4C40-864B-B518606DFE70}"
EndProject
Project("{FAE04EC0-301F-11D3-BF4B-00C04F79EFBC}") = "Pixstock.Nc.Srv.Core", "PixstockSrv\Pixstock.Nc.Srv.Core\Pixstock.Nc.Srv.Core.csproj", "{63034D1B-329A-4EB2-89F8-87723D50CB9E}"
EndProject
Project("{FAE04EC0-301F-11D3-BF4B-00C04F79EFBC}") = "Pixstock.Nc.Srv.Gateway", "PixstockSrv\Pixstock.Nc.Srv.Gateway\Pixstock.Nc.Srv.Gateway.csproj", "{E49A78E3-3B76-43D4-BDB1-4DF061D9260B}"
EndProject
Project("{FAE04EC0-301F-11D3-BF4B-00C04F79EFBC}") = "Pixstock.Nc.Srv.Infra", "PixstockSrv\Pixstock.Nc.Srv.Infra\Pixstock.Nc.Srv.Infra.csproj", "{F03E5752-D8F3-4927-AED4-61DFA352F7ED}"
EndProject
Project("{FAE04EC0-301F-11D3-BF4B-00C04F79EFBC}") = "Pixstock.Nc.Srv.Tests", "PixstockSrv\Pixstock.Nc.Srv.Tests\Pixstock.Nc.Srv.Tests.csproj", "{2F550C11-7628-43EF-B089-FF23D28CFCB7}"
EndProject
Project("{FAE04EC0-301F-11D3-BF4B-00C04F79EFBC}") = "Pixstock.Nc.Srv.Ext", "PixstockSrv\Pixstock.Nc.Srv.Ext\Pixstock.Nc.Srv.Ext.csproj", "{C4BB1B5E-72D3-4597-BD69-A511B1A26DDF}"
EndProject
Project("{FAE04EC0-301F-11D3-BF4B-00C04F79EFBC}") = "Pixstock.Nc.Srv.Ext.FullBuild", "PixstockSrv\Pixstock.Nc.Srv.Ext.FullBuild\Pixstock.Nc.Srv.Ext.FullBuild.csproj", "{29E97B28-1210-4457-8A8C-BDE94F9A0C57}"
EndProject
Global
	GlobalSection(SolutionConfigurationPlatforms) = preSolution
		Debug|Any CPU = Debug|Any CPU
		Debug|x64 = Debug|x64
		Debug|x86 = Debug|x86
		Release|Any CPU = Release|Any CPU
		Release|x64 = Release|x64
		Release|x86 = Release|x86
	EndGlobalSection
	GlobalSection(SolutionProperties) = preSolution
		HideSolutionNode = FALSE
	EndGlobalSection
	GlobalSection(ProjectConfigurationPlatforms) = postSolution
		{E7B99E57-A6D2-4B18-A698-84324688389A}.Debug|Any CPU.ActiveCfg = Debug|Any CPU
		{E7B99E57-A6D2-4B18-A698-84324688389A}.Debug|Any CPU.Build.0 = Debug|Any CPU
		{E7B99E57-A6D2-4B18-A698-84324688389A}.Debug|x64.ActiveCfg = Debug|x64
		{E7B99E57-A6D2-4B18-A698-84324688389A}.Debug|x64.Build.0 = Debug|x64
		{E7B99E57-A6D2-4B18-A698-84324688389A}.Debug|x86.ActiveCfg = Debug|x86
		{E7B99E57-A6D2-4B18-A698-84324688389A}.Debug|x86.Build.0 = Debug|x86
		{E7B99E57-A6D2-4B18-A698-84324688389A}.Release|Any CPU.ActiveCfg = Release|Any CPU
		{E7B99E57-A6D2-4B18-A698-84324688389A}.Release|Any CPU.Build.0 = Release|Any CPU
		{E7B99E57-A6D2-4B18-A698-84324688389A}.Release|x64.ActiveCfg = Release|x64
		{E7B99E57-A6D2-4B18-A698-84324688389A}.Release|x64.Build.0 = Release|x64
		{E7B99E57-A6D2-4B18-A698-84324688389A}.Release|x86.ActiveCfg = Release|x86
		{E7B99E57-A6D2-4B18-A698-84324688389A}.Release|x86.Build.0 = Release|x86
		{5EB90D93-0706-4D2C-B7D2-7A3B7426E2EA}.Debug|Any CPU.ActiveCfg = Debug|Any CPU
		{5EB90D93-0706-4D2C-B7D2-7A3B7426E2EA}.Debug|Any CPU.Build.0 = Debug|Any CPU
		{5EB90D93-0706-4D2C-B7D2-7A3B7426E2EA}.Debug|x64.ActiveCfg = Debug|x64
		{5EB90D93-0706-4D2C-B7D2-7A3B7426E2EA}.Debug|x64.Build.0 = Debug|x64
		{5EB90D93-0706-4D2C-B7D2-7A3B7426E2EA}.Debug|x86.ActiveCfg = Debug|x86
		{5EB90D93-0706-4D2C-B7D2-7A3B7426E2EA}.Debug|x86.Build.0 = Debug|x86
		{5EB90D93-0706-4D2C-B7D2-7A3B7426E2EA}.Release|Any CPU.ActiveCfg = Release|Any CPU
		{5EB90D93-0706-4D2C-B7D2-7A3B7426E2EA}.Release|Any CPU.Build.0 = Release|Any CPU
		{5EB90D93-0706-4D2C-B7D2-7A3B7426E2EA}.Release|x64.ActiveCfg = Release|x64
		{5EB90D93-0706-4D2C-B7D2-7A3B7426E2EA}.Release|x64.Build.0 = Release|x64
		{5EB90D93-0706-4D2C-B7D2-7A3B7426E2EA}.Release|x86.ActiveCfg = Release|x86
		{5EB90D93-0706-4D2C-B7D2-7A3B7426E2EA}.Release|x86.Build.0 = Release|x86
		{094659F8-65A0-4E7B-945F-08AA0B77289D}.Debug|Any CPU.ActiveCfg = Debug|Any CPU
		{094659F8-65A0-4E7B-945F-08AA0B77289D}.Debug|Any CPU.Build.0 = Debug|Any CPU
		{094659F8-65A0-4E7B-945F-08AA0B77289D}.Debug|x64.ActiveCfg = Debug|x64
		{094659F8-65A0-4E7B-945F-08AA0B77289D}.Debug|x64.Build.0 = Debug|x64
		{094659F8-65A0-4E7B-945F-08AA0B77289D}.Debug|x86.ActiveCfg = Debug|x86
		{094659F8-65A0-4E7B-945F-08AA0B77289D}.Debug|x86.Build.0 = Debug|x86
		{094659F8-65A0-4E7B-945F-08AA0B77289D}.Release|Any CPU.ActiveCfg = Release|Any CPU
		{094659F8-65A0-4E7B-945F-08AA0B77289D}.Release|Any CPU.Build.0 = Release|Any CPU
		{094659F8-65A0-4E7B-945F-08AA0B77289D}.Release|x64.ActiveCfg = Release|x64
		{094659F8-65A0-4E7B-945F-08AA0B77289D}.Release|x64.Build.0 = Release|x64
		{094659F8-65A0-4E7B-945F-08AA0B77289D}.Release|x86.ActiveCfg = Release|x86
		{094659F8-65A0-4E7B-945F-08AA0B77289D}.Release|x86.Build.0 = Release|x86
		{5F05A4C0-275D-4568-B333-E2793402EA59}.Debug|Any CPU.ActiveCfg = Debug|Any CPU
		{5F05A4C0-275D-4568-B333-E2793402EA59}.Debug|Any CPU.Build.0 = Debug|Any CPU
		{5F05A4C0-275D-4568-B333-E2793402EA59}.Debug|x64.ActiveCfg = Debug|x64
		{5F05A4C0-275D-4568-B333-E2793402EA59}.Debug|x64.Build.0 = Debug|x64
		{5F05A4C0-275D-4568-B333-E2793402EA59}.Debug|x86.ActiveCfg = Debug|x86
		{5F05A4C0-275D-4568-B333-E2793402EA59}.Debug|x86.Build.0 = Debug|x86
		{5F05A4C0-275D-4568-B333-E2793402EA59}.Release|Any CPU.ActiveCfg = Release|Any CPU
		{5F05A4C0-275D-4568-B333-E2793402EA59}.Release|Any CPU.Build.0 = Release|Any CPU
		{5F05A4C0-275D-4568-B333-E2793402EA59}.Release|x64.ActiveCfg = Release|x64
		{5F05A4C0-275D-4568-B333-E2793402EA59}.Release|x64.Build.0 = Release|x64
		{5F05A4C0-275D-4568-B333-E2793402EA59}.Release|x86.ActiveCfg = Release|x86
		{5F05A4C0-275D-4568-B333-E2793402EA59}.Release|x86.Build.0 = Release|x86
		{09F45CDB-76E8-4F3D-AB11-34F287B32887}.Debug|Any CPU.ActiveCfg = Debug|Any CPU
		{09F45CDB-76E8-4F3D-AB11-34F287B32887}.Debug|Any CPU.Build.0 = Debug|Any CPU
		{09F45CDB-76E8-4F3D-AB11-34F287B32887}.Debug|x64.ActiveCfg = Debug|x64
		{09F45CDB-76E8-4F3D-AB11-34F287B32887}.Debug|x64.Build.0 = Debug|x64
		{09F45CDB-76E8-4F3D-AB11-34F287B32887}.Debug|x86.ActiveCfg = Debug|x86
		{09F45CDB-76E8-4F3D-AB11-34F287B32887}.Debug|x86.Build.0 = Debug|x86
		{09F45CDB-76E8-4F3D-AB11-34F287B32887}.Release|Any CPU.ActiveCfg = Release|Any CPU
		{09F45CDB-76E8-4F3D-AB11-34F287B32887}.Release|Any CPU.Build.0 = Release|Any CPU
		{09F45CDB-76E8-4F3D-AB11-34F287B32887}.Release|x64.ActiveCfg = Release|x64
		{09F45CDB-76E8-4F3D-AB11-34F287B32887}.Release|x64.Build.0 = Release|x64
		{09F45CDB-76E8-4F3D-AB11-34F287B32887}.Release|x86.ActiveCfg = Release|x86
		{09F45CDB-76E8-4F3D-AB11-34F287B32887}.Release|x86.Build.0 = Release|x86
		{AB517C52-6E97-4376-B065-728BB3D496DF}.Debug|Any CPU.ActiveCfg = Debug|Any CPU
		{AB517C52-6E97-4376-B065-728BB3D496DF}.Debug|Any CPU.Build.0 = Debug|Any CPU
		{AB517C52-6E97-4376-B065-728BB3D496DF}.Debug|x64.ActiveCfg = Debug|x64
		{AB517C52-6E97-4376-B065-728BB3D496DF}.Debug|x64.Build.0 = Debug|x64
		{AB517C52-6E97-4376-B065-728BB3D496DF}.Debug|x86.ActiveCfg = Debug|x86
		{AB517C52-6E97-4376-B065-728BB3D496DF}.Debug|x86.Build.0 = Debug|x86
		{AB517C52-6E97-4376-B065-728BB3D496DF}.Release|Any CPU.ActiveCfg = Release|Any CPU
		{AB517C52-6E97-4376-B065-728BB3D496DF}.Release|Any CPU.Build.0 = Release|Any CPU
		{AB517C52-6E97-4376-B065-728BB3D496DF}.Release|x64.ActiveCfg = Release|x64
		{AB517C52-6E97-4376-B065-728BB3D496DF}.Release|x64.Build.0 = Release|x64
		{AB517C52-6E97-4376-B065-728BB3D496DF}.Release|x86.ActiveCfg = Release|x86
		{AB517C52-6E97-4376-B065-728BB3D496DF}.Release|x86.Build.0 = Release|x86
		{A3A8F90B-CDB8-4535-BD3D-18D33A4C9B20}.Debug|Any CPU.ActiveCfg = Debug|Any CPU
		{A3A8F90B-CDB8-4535-BD3D-18D33A4C9B20}.Debug|Any CPU.Build.0 = Debug|Any CPU
		{A3A8F90B-CDB8-4535-BD3D-18D33A4C9B20}.Debug|x64.ActiveCfg = Debug|x64
		{A3A8F90B-CDB8-4535-BD3D-18D33A4C9B20}.Debug|x64.Build.0 = Debug|x64
		{A3A8F90B-CDB8-4535-BD3D-18D33A4C9B20}.Debug|x86.ActiveCfg = Debug|x86
		{A3A8F90B-CDB8-4535-BD3D-18D33A4C9B20}.Debug|x86.Build.0 = Debug|x86
		{A3A8F90B-CDB8-4535-BD3D-18D33A4C9B20}.Release|Any CPU.ActiveCfg = Release|Any CPU
		{A3A8F90B-CDB8-4535-BD3D-18D33A4C9B20}.Release|Any CPU.Build.0 = Release|Any CPU
		{A3A8F90B-CDB8-4535-BD3D-18D33A4C9B20}.Release|x64.ActiveCfg = Release|x64
		{A3A8F90B-CDB8-4535-BD3D-18D33A4C9B20}.Release|x64.Build.0 = Release|x64
		{A3A8F90B-CDB8-4535-BD3D-18D33A4C9B20}.Release|x86.ActiveCfg = Release|x86
		{A3A8F90B-CDB8-4535-BD3D-18D33A4C9B20}.Release|x86.Build.0 = Release|x86
		{AFB1DBC6-8ECB-4634-9A78-F7F76A859BEB}.Debug|Any CPU.ActiveCfg = Debug|Any CPU
		{AFB1DBC6-8ECB-4634-9A78-F7F76A859BEB}.Debug|Any CPU.Build.0 = Debug|Any CPU
		{AFB1DBC6-8ECB-4634-9A78-F7F76A859BEB}.Debug|x64.ActiveCfg = Debug|x64
		{AFB1DBC6-8ECB-4634-9A78-F7F76A859BEB}.Debug|x64.Build.0 = Debug|x64
		{AFB1DBC6-8ECB-4634-9A78-F7F76A859BEB}.Debug|x86.ActiveCfg = Debug|x86
		{AFB1DBC6-8ECB-4634-9A78-F7F76A859BEB}.Debug|x86.Build.0 = Debug|x86
		{AFB1DBC6-8ECB-4634-9A78-F7F76A859BEB}.Release|Any CPU.ActiveCfg = Release|Any CPU
		{AFB1DBC6-8ECB-4634-9A78-F7F76A859BEB}.Release|Any CPU.Build.0 = Release|Any CPU
		{AFB1DBC6-8ECB-4634-9A78-F7F76A859BEB}.Release|x64.ActiveCfg = Release|x64
		{AFB1DBC6-8ECB-4634-9A78-F7F76A859BEB}.Release|x64.Build.0 = Release|x64
		{AFB1DBC6-8ECB-4634-9A78-F7F76A859BEB}.Release|x86.ActiveCfg = Release|x86
		{AFB1DBC6-8ECB-4634-9A78-F7F76A859BEB}.Release|x86.Build.0 = Release|x86
		{7DFAA0CC-EB52-4C40-864B-B518606DFE70}.Debug|Any CPU.ActiveCfg = Debug|Any CPU
		{7DFAA0CC-EB52-4C40-864B-B518606DFE70}.Debug|Any CPU.Build.0 = Debug|Any CPU
		{7DFAA0CC-EB52-4C40-864B-B518606DFE70}.Debug|x64.ActiveCfg = Debug|x64
		{7DFAA0CC-EB52-4C40-864B-B518606DFE70}.Debug|x64.Build.0 = Debug|x64
		{7DFAA0CC-EB52-4C40-864B-B518606DFE70}.Debug|x86.ActiveCfg = Debug|x86
		{7DFAA0CC-EB52-4C40-864B-B518606DFE70}.Debug|x86.Build.0 = Debug|x86
		{7DFAA0CC-EB52-4C40-864B-B518606DFE70}.Release|Any CPU.ActiveCfg = Release|Any CPU
		{7DFAA0CC-EB52-4C40-864B-B518606DFE70}.Release|Any CPU.Build.0 = Release|Any CPU
		{7DFAA0CC-EB52-4C40-864B-B518606DFE70}.Release|x64.ActiveCfg = Release|x64
		{7DFAA0CC-EB52-4C40-864B-B518606DFE70}.Release|x64.Build.0 = Release|x64
		{7DFAA0CC-EB52-4C40-864B-B518606DFE70}.Release|x86.ActiveCfg = Release|x86
		{7DFAA0CC-EB52-4C40-864B-B518606DFE70}.Release|x86.Build.0 = Release|x86
		{63034D1B-329A-4EB2-89F8-87723D50CB9E}.Debug|Any CPU.ActiveCfg = Debug|Any CPU
		{63034D1B-329A-4EB2-89F8-87723D50CB9E}.Debug|Any CPU.Build.0 = Debug|Any CPU
		{63034D1B-329A-4EB2-89F8-87723D50CB9E}.Debug|x64.ActiveCfg = Debug|x64
		{63034D1B-329A-4EB2-89F8-87723D50CB9E}.Debug|x64.Build.0 = Debug|x64
		{63034D1B-329A-4EB2-89F8-87723D50CB9E}.Debug|x86.ActiveCfg = Debug|x86
		{63034D1B-329A-4EB2-89F8-87723D50CB9E}.Debug|x86.Build.0 = Debug|x86
		{63034D1B-329A-4EB2-89F8-87723D50CB9E}.Release|Any CPU.ActiveCfg = Release|Any CPU
		{63034D1B-329A-4EB2-89F8-87723D50CB9E}.Release|Any CPU.Build.0 = Release|Any CPU
		{63034D1B-329A-4EB2-89F8-87723D50CB9E}.Release|x64.ActiveCfg = Release|x64
		{63034D1B-329A-4EB2-89F8-87723D50CB9E}.Release|x64.Build.0 = Release|x64
		{63034D1B-329A-4EB2-89F8-87723D50CB9E}.Release|x86.ActiveCfg = Release|x86
		{63034D1B-329A-4EB2-89F8-87723D50CB9E}.Release|x86.Build.0 = Release|x86
		{E49A78E3-3B76-43D4-BDB1-4DF061D9260B}.Debug|Any CPU.ActiveCfg = Debug|Any CPU
		{E49A78E3-3B76-43D4-BDB1-4DF061D9260B}.Debug|Any CPU.Build.0 = Debug|Any CPU
		{E49A78E3-3B76-43D4-BDB1-4DF061D9260B}.Debug|x64.ActiveCfg = Debug|x64
		{E49A78E3-3B76-43D4-BDB1-4DF061D9260B}.Debug|x64.Build.0 = Debug|x64
		{E49A78E3-3B76-43D4-BDB1-4DF061D9260B}.Debug|x86.ActiveCfg = Debug|x86
		{E49A78E3-3B76-43D4-BDB1-4DF061D9260B}.Debug|x86.Build.0 = Debug|x86
		{E49A78E3-3B76-43D4-BDB1-4DF061D9260B}.Release|Any CPU.ActiveCfg = Release|Any CPU
		{E49A78E3-3B76-43D4-BDB1-4DF061D9260B}.Release|Any CPU.Build.0 = Release|Any CPU
		{E49A78E3-3B76-43D4-BDB1-4DF061D9260B}.Release|x64.ActiveCfg = Release|x64
		{E49A78E3-3B76-43D4-BDB1-4DF061D9260B}.Release|x64.Build.0 = Release|x64
		{E49A78E3-3B76-43D4-BDB1-4DF061D9260B}.Release|x86.ActiveCfg = Release|x86
		{E49A78E3-3B76-43D4-BDB1-4DF061D9260B}.Release|x86.Build.0 = Release|x86
		{F03E5752-D8F3-4927-AED4-61DFA352F7ED}.Debug|Any CPU.ActiveCfg = Debug|Any CPU
		{F03E5752-D8F3-4927-AED4-61DFA352F7ED}.Debug|Any CPU.Build.0 = Debug|Any CPU
		{F03E5752-D8F3-4927-AED4-61DFA352F7ED}.Debug|x64.ActiveCfg = Debug|x64
		{F03E5752-D8F3-4927-AED4-61DFA352F7ED}.Debug|x64.Build.0 = Debug|x64
		{F03E5752-D8F3-4927-AED4-61DFA352F7ED}.Debug|x86.ActiveCfg = Debug|x86
		{F03E5752-D8F3-4927-AED4-61DFA352F7ED}.Debug|x86.Build.0 = Debug|x86
		{F03E5752-D8F3-4927-AED4-61DFA352F7ED}.Release|Any CPU.ActiveCfg = Release|Any CPU
		{F03E5752-D8F3-4927-AED4-61DFA352F7ED}.Release|Any CPU.Build.0 = Release|Any CPU
		{F03E5752-D8F3-4927-AED4-61DFA352F7ED}.Release|x64.ActiveCfg = Release|x64
		{F03E5752-D8F3-4927-AED4-61DFA352F7ED}.Release|x64.Build.0 = Release|x64
		{F03E5752-D8F3-4927-AED4-61DFA352F7ED}.Release|x86.ActiveCfg = Release|x86
		{F03E5752-D8F3-4927-AED4-61DFA352F7ED}.Release|x86.Build.0 = Release|x86
		{2F550C11-7628-43EF-B089-FF23D28CFCB7}.Debug|Any CPU.ActiveCfg = Debug|Any CPU
		{2F550C11-7628-43EF-B089-FF23D28CFCB7}.Debug|Any CPU.Build.0 = Debug|Any CPU
		{2F550C11-7628-43EF-B089-FF23D28CFCB7}.Debug|x64.ActiveCfg = Debug|x64
		{2F550C11-7628-43EF-B089-FF23D28CFCB7}.Debug|x64.Build.0 = Debug|x64
		{2F550C11-7628-43EF-B089-FF23D28CFCB7}.Debug|x86.ActiveCfg = Debug|x86
		{2F550C11-7628-43EF-B089-FF23D28CFCB7}.Debug|x86.Build.0 = Debug|x86
		{2F550C11-7628-43EF-B089-FF23D28CFCB7}.Release|Any CPU.ActiveCfg = Release|Any CPU
		{2F550C11-7628-43EF-B089-FF23D28CFCB7}.Release|Any CPU.Build.0 = Release|Any CPU
		{2F550C11-7628-43EF-B089-FF23D28CFCB7}.Release|x64.ActiveCfg = Release|x64
		{2F550C11-7628-43EF-B089-FF23D28CFCB7}.Release|x64.Build.0 = Release|x64
		{2F550C11-7628-43EF-B089-FF23D28CFCB7}.Release|x86.ActiveCfg = Release|x86
		{2F550C11-7628-43EF-B089-FF23D28CFCB7}.Release|x86.Build.0 = Release|x86
		{C4BB1B5E-72D3-4597-BD69-A511B1A26DDF}.Debug|Any CPU.ActiveCfg = Debug|Any CPU
		{C4BB1B5E-72D3-4597-BD69-A511B1A26DDF}.Debug|Any CPU.Build.0 = Debug|Any CPU
		{C4BB1B5E-72D3-4597-BD69-A511B1A26DDF}.Debug|x64.ActiveCfg = Debug|x64
		{C4BB1B5E-72D3-4597-BD69-A511B1A26DDF}.Debug|x64.Build.0 = Debug|x64
		{C4BB1B5E-72D3-4597-BD69-A511B1A26DDF}.Debug|x86.ActiveCfg = Debug|x86
		{C4BB1B5E-72D3-4597-BD69-A511B1A26DDF}.Debug|x86.Build.0 = Debug|x86
		{C4BB1B5E-72D3-4597-BD69-A511B1A26DDF}.Release|Any CPU.ActiveCfg = Release|Any CPU
		{C4BB1B5E-72D3-4597-BD69-A511B1A26DDF}.Release|Any CPU.Build.0 = Release|Any CPU
		{C4BB1B5E-72D3-4597-BD69-A511B1A26DDF}.Release|x64.ActiveCfg = Release|x64
		{C4BB1B5E-72D3-4597-BD69-A511B1A26DDF}.Release|x64.Build.0 = Release|x64
		{C4BB1B5E-72D3-4597-BD69-A511B1A26DDF}.Release|x86.ActiveCfg = Release|x86
		{C4BB1B5E-72D3-4597-BD69-A511B1A26DDF}.Release|x86.Build.0 = Release|x86
		{29E97B28-1210-4457-8A8C-BDE94F9A0C57}.Debug|Any CPU.ActiveCfg = Debug|Any CPU
		{29E97B28-1210-4457-8A8C-BDE94F9A0C57}.Debug|Any CPU.Build.0 = Debug|Any CPU
		{29E97B28-1210-4457-8A8C-BDE94F9A0C57}.Debug|x64.ActiveCfg = Debug|x64
		{29E97B28-1210-4457-8A8C-BDE94F9A0C57}.Debug|x64.Build.0 = Debug|x64
		{29E97B28-1210-4457-8A8C-BDE94F9A0C57}.Debug|x86.ActiveCfg = Debug|x86
		{29E97B28-1210-4457-8A8C-BDE94F9A0C57}.Debug|x86.Build.0 = Debug|x86
		{29E97B28-1210-4457-8A8C-BDE94F9A0C57}.Release|Any CPU.ActiveCfg = Release|Any CPU
		{29E97B28-1210-4457-8A8C-BDE94F9A0C57}.Release|Any CPU.Build.0 = Release|Any CPU
		{29E97B28-1210-4457-8A8C-BDE94F9A0C57}.Release|x64.ActiveCfg = Release|x64
		{29E97B28-1210-4457-8A8C-BDE94F9A0C57}.Release|x64.Build.0 = Release|x64
		{29E97B28-1210-4457-8A8C-BDE94F9A0C57}.Release|x86.ActiveCfg = Release|x86
		{29E97B28-1210-4457-8A8C-BDE94F9A0C57}.Release|x86.Build.0 = Release|x86
	EndGlobalSection
	GlobalSection(NestedProjects) = preSolution
		{E7B99E57-A6D2-4B18-A698-84324688389A} = {1408E7C5-B93E-452A-B559-639B6D4E669F}
		{5EB90D93-0706-4D2C-B7D2-7A3B7426E2EA} = {1408E7C5-B93E-452A-B559-639B6D4E669F}
		{094659F8-65A0-4E7B-945F-08AA0B77289D} = {1408E7C5-B93E-452A-B559-639B6D4E669F}
		{5F05A4C0-275D-4568-B333-E2793402EA59} = {2DC6D4DC-9BD6-40FB-A7B6-5D4E7B786B76}
		{09F45CDB-76E8-4F3D-AB11-34F287B32887} = {016EF3D9-2936-4C62-BB9F-84195AE564EA}
		{AB517C52-6E97-4376-B065-728BB3D496DF} = {016EF3D9-2936-4C62-BB9F-84195AE564EA}
		{A3A8F90B-CDB8-4535-BD3D-18D33A4C9B20} = {016EF3D9-2936-4C62-BB9F-84195AE564EA}
		{AFB1DBC6-8ECB-4634-9A78-F7F76A859BEB} = {E8040D7F-8725-467A-A89A-878BDB3FD2FE}
		{7DFAA0CC-EB52-4C40-864B-B518606DFE70} = {2DC6D4DC-9BD6-40FB-A7B6-5D4E7B786B76}
		{63034D1B-329A-4EB2-89F8-87723D50CB9E} = {016EF3D9-2936-4C62-BB9F-84195AE564EA}
		{E49A78E3-3B76-43D4-BDB1-4DF061D9260B} = {016EF3D9-2936-4C62-BB9F-84195AE564EA}
		{F03E5752-D8F3-4927-AED4-61DFA352F7ED} = {016EF3D9-2936-4C62-BB9F-84195AE564EA}
		{2F550C11-7628-43EF-B089-FF23D28CFCB7} = {016EF3D9-2936-4C62-BB9F-84195AE564EA}
		{C4BB1B5E-72D3-4597-BD69-A511B1A26DDF} = {016EF3D9-2936-4C62-BB9F-84195AE564EA}
		{29E97B28-1210-4457-8A8C-BDE94F9A0C57} = {016EF3D9-2936-4C62-BB9F-84195AE564EA}
	EndGlobalSection
EndGlobal
